
Microsoft Visual Studio Solution File, Format Version 12.00
# Visual Studio Version 17
VisualStudioVersion = 17.4.33205.214
MinimumVisualStudioVersion = 10.0.40219.1
Project("{9A19103F-16F7-4668-BE54-9A1E7A4F7556}") = "Zoollar.Blogs.API", "Zoollar.Blogs.API\Zoollar.Blogs.API.csproj", "{47F96DCC-D9B0-4A3A-913E-DCA3055F9467}"
EndProject
Project("{9A19103F-16F7-4668-BE54-9A1E7A4F7556}") = "Zoollar.Properties.API", "Zoollar.Properties.API\Zoollar.Properties.API.csproj", "{3A19745F-FC68-4362-8136-DF7F39968F1B}"
EndProject
Global
	GlobalSection(SolutionConfigurationPlatforms) = preSolution
		Debug|Any CPU = Debug|Any CPU
		Release|Any CPU = Release|Any CPU
	EndGlobalSection
	GlobalSection(ProjectConfigurationPlatforms) = postSolution
		{47F96DCC-D9B0-4A3A-913E-DCA3055F9467}.Debug|Any CPU.ActiveCfg = Debug|Any CPU
		{47F96DCC-D9B0-4A3A-913E-DCA3055F9467}.Debug|Any CPU.Build.0 = Debug|Any CPU
		{47F96DCC-D9B0-4A3A-913E-DCA3055F9467}.Release|Any CPU.ActiveCfg = Release|Any CPU
		{47F96DCC-D9B0-4A3A-913E-DCA3055F9467}.Release|Any CPU.Build.0 = Release|Any CPU
		{3A19745F-FC68-4362-8136-DF7F39968F1B}.Debug|Any CPU.ActiveCfg = Debug|Any CPU
		{3A19745F-FC68-4362-8136-DF7F39968F1B}.Debug|Any CPU.Build.0 = Debug|Any CPU
		{3A19745F-FC68-4362-8136-DF7F39968F1B}.Release|Any CPU.ActiveCfg = Release|Any CPU
		{3A19745F-FC68-4362-8136-DF7F39968F1B}.Release|Any CPU.Build.0 = Release|Any CPU
	EndGlobalSection
	GlobalSection(SolutionProperties) = preSolution
		HideSolutionNode = FALSE
	EndGlobalSection
	GlobalSection(ExtensibilityGlobals) = postSolution
		SolutionGuid = {08C3A089-B0A7-4336-8FAD-6BAAD8BE4A02}
	EndGlobalSection
EndGlobal
